
Microsoft Visual Studio Solution File, Format Version 12.00
# Visual Studio 14
VisualStudioVersion = 14.0.25420.1
MinimumVisualStudioVersion = 10.0.40219.1
Project("{FAE04EC0-301F-11D3-BF4B-00C04F79EFBC}") = "seven", "seven\seven.csproj", "{61A4B1F8-5BE8-4A97-9C08-7A5383B9386D}"
EndProject
Global
	GlobalSection(SolutionConfigurationPlatforms) = preSolution
		Debug|Any CPU = Debug|Any CPU
		Release|Any CPU = Release|Any CPU
	EndGlobalSection
	GlobalSection(ProjectConfigurationPlatforms) = postSolution
		{61A4B1F8-5BE8-4A97-9C08-7A5383B9386D}.Debug|Any CPU.ActiveCfg = Debug|Any CPU
		{61A4B1F8-5BE8-4A97-9C08-7A5383B9386D}.Debug|Any CPU.Build.0 = Debug|Any CPU
		{61A4B1F8-5BE8-4A97-9C08-7A5383B9386D}.Release|Any CPU.ActiveCfg = Release|Any CPU
		{61A4B1F8-5BE8-4A97-9C08-7A5383B9386D}.Release|Any CPU.Build.0 = Release|Any CPU
	EndGlobalSection
	GlobalSection(SolutionProperties) = preSolution
		HideSolutionNode = FALSE
	EndGlobalSection
EndGlobal
